{
    "name": "canvas",
    "version": "0.1.0",
    "lockfileVersion": 1,
    "requires": true,
    "dependencies": {
        "@material/animation": {
            "version": "12.0.0",
            "resolved": "https://registry.npmjs.org/@material/animation/-/animation-12.0.0.tgz",
            "integrity": "sha512-PfRHehbW6xrNaAb5RELmyxn9+pGTYwzxUnT43TdmOOTN+J45MRH8c90ZSdczich6gp7tgyTQsd3HtB5yRgBsIA==",
            "requires": {
                "tslib": "^2.1.0"
            }
        },
        "@material/base": {
            "version": "12.0.0",
            "resolved": "https://registry.npmjs.org/@material/base/-/base-12.0.0.tgz",
            "integrity": "sha512-LcAQGFhuGM5B9BJQPoDYXhka+gkKvjKN6HdmCpKq55EkUoHeEnbu6IT2MOQjhcULTlQdcdGP77YNNGYdv3fGsA==",
            "requires": {
                "tslib": "^2.1.0"
            }
        },
        "@material/button": {
            "version": "12.0.0",
            "resolved": "https://registry.npmjs.org/@material/button/-/button-12.0.0.tgz",
            "integrity": "sha512-+Vo9+9nsMy8XZUC4E4CDxmjPAAGCogoIskQSduceuZf8Zdoxy3mQfmmQqWaxtBieXJScybpQyw55RRC3MWu6fg==",
            "requires": {
                "@material/density": "^12.0.0",
                "@material/dom": "^12.0.0",
                "@material/elevation": "^12.0.0",
                "@material/feature-targeting": "^12.0.0",
                "@material/ripple": "^12.0.0",
                "@material/rtl": "^12.0.0",
                "@material/shape": "^12.0.0",
                "@material/theme": "^12.0.0",
                "@material/tokens": "^12.0.0",
                "@material/touch-target": "^12.0.0",
                "@material/typography": "^12.0.0",
                "tslib": "^2.1.0"
            }
        },
        "@material/density": {
            "version": "12.0.0",
            "resolved": "https://registry.npmjs.org/@material/density/-/density-12.0.0.tgz",
            "integrity": "sha512-7kWsFPiiTcw5FKdm6zvMp3ygLhHINXMScrUcRTW9RoIzC6EgWrzF/UC1XEt48Yg4Ux6K/98QJ4B53CoVv1Z/OQ==",
            "requires": {
                "tslib": "^2.1.0"
            }
        },
        "@material/dom": {
            "version": "12.0.0",
            "resolved": "https://registry.npmjs.org/@material/dom/-/dom-12.0.0.tgz",
            "integrity": "sha512-vaQi+bNMv3UMSG2wwMEYen36Or32XY/djGmes5KRi8TxDBzAH9HNuE9CxYBrZqYzYFrAIfvXyEIZhlhY+3WLlg==",
            "requires": {
                "@material/feature-targeting": "^12.0.0",
                "tslib": "^2.1.0"
            }
        },
        "@material/elevation": {
            "version": "12.0.0",
            "resolved": "https://registry.npmjs.org/@material/elevation/-/elevation-12.0.0.tgz",
            "integrity": "sha512-PWTACGNus2cdNL6V6+AhT3tC+YKyP2ujQn+izXNGXLXFc/FHk+lHLvwwr71D7bApy2hPMndHJ4DtF36qfAM1tw==",
            "requires": {
                "@material/animation": "^12.0.0",
                "@material/base": "^12.0.0",
                "@material/feature-targeting": "^12.0.0",
                "@material/theme": "^12.0.0",
                "tslib": "^2.1.0"
            }
        },
        "@material/feature-targeting": {
            "version": "12.0.0",
            "resolved": "https://registry.npmjs.org/@material/feature-targeting/-/feature-targeting-12.0.0.tgz",
            "integrity": "sha512-BbdYzZmGg886X3gvKPxfM5etNwhmKR4PT33NRc7PTKivCHitre8zjgb7kKW1vRLV4YnB54sp9L7tr/QcbbbXGg==",
            "requires": {
                "tslib": "^2.1.0"
            }
        },
        "@material/ripple": {
            "version": "12.0.0",
            "resolved": "https://registry.npmjs.org/@material/ripple/-/ripple-12.0.0.tgz",
            "integrity": "sha512-gxtbZHeRnE93KwkT1oTU07ap3mOJpbLDY7Edlybd4ZF9ar8Pyj0245rf5MKagubzgNBFzOESDEsIjuCfLV1cUw==",
            "requires": {
                "@material/animation": "^12.0.0",
                "@material/base": "^12.0.0",
                "@material/dom": "^12.0.0",
                "@material/feature-targeting": "^12.0.0",
                "@material/theme": "^12.0.0",
                "tslib": "^2.1.0"
            }
        },
        "@material/rtl": {
            "version": "12.0.0",
            "resolved": "https://registry.npmjs.org/@material/rtl/-/rtl-12.0.0.tgz",
            "integrity": "sha512-JmFyyWr2GFa1ODSsq0jaImj6NprDpts3L3riyvsTQVnJDDKyJwYkyjFbssuIqB9wO3IfVPj5JyTKNoTLraW7dA==",
            "requires": {
                "@material/theme": "^12.0.0",
                "tslib": "^2.1.0"
            }
        },
        "@material/shape": {
            "version": "12.0.0",
            "resolved": "https://registry.npmjs.org/@material/shape/-/shape-12.0.0.tgz",
            "integrity": "sha512-0mvRUPq2esbyivJl3NMdYtHTFOV7EOU+Tob2Y6F2sQ+PJJYpONfEHRo8nakN7fDM3aNSuQUdhG3nbwJghAN1IA==",
            "requires": {
                "@material/feature-targeting": "^12.0.0",
                "@material/rtl": "^12.0.0",
                "@material/theme": "^12.0.0",
                "tslib": "^2.1.0"
            }
        },
        "@material/theme": {
            "version": "12.0.0",
            "resolved": "https://registry.npmjs.org/@material/theme/-/theme-12.0.0.tgz",
            "integrity": "sha512-E9gFLpOcwtJ2GiPg8S4w+9eaqFNgLO67Yyftcu1XgswAHBFiI7qAHTDYH21H4W88RKlf3sTNyHtzigbTenPUNg==",
            "requires": {
                "@material/feature-targeting": "^12.0.0",
                "tslib": "^2.1.0"
            }
        },
        "@material/tokens": {
            "version": "12.0.0",
            "resolved": "https://registry.npmjs.org/@material/tokens/-/tokens-12.0.0.tgz",
            "integrity": "sha512-yD8G+YvNsFt9+CGzUPWvy18Bn3a8+9eRSf95j7WZjBN2vEPCpOK5dInCLOfYDq/9a61K4Nlg39KomZNC7nyAtQ==",
            "requires": {
                "@material/elevation": "^12.0.0"
            }
        },
        "@material/touch-target": {
            "version": "12.0.0",
            "resolved": "https://registry.npmjs.org/@material/touch-target/-/touch-target-12.0.0.tgz",
            "integrity": "sha512-DArz1xm00iI6adyhBEFR+g2xmS6Jh5jMI1692YsjiL09lgXTvQwVbXCsp1FtHK21D+/KoblaT0L9sfBgnP2sAQ==",
            "requires": {
                "@material/base": "^12.0.0",
                "@material/feature-targeting": "^12.0.0",
                "tslib": "^2.1.0"
            }
        },
        "@material/typography": {
            "version": "12.0.0",
            "resolved": "https://registry.npmjs.org/@material/typography/-/typography-12.0.0.tgz",
            "integrity": "sha512-NIAczsiUueV445+686qdVQC0QohIJDIOyVWbdNKnhkUmo23FcINLEcDMAtpvS0CJyqSHm8uWq1R585Wbx2kvdQ==",
            "requires": {
                "@material/feature-targeting": "^12.0.0",
                "@material/theme": "^12.0.0",
                "tslib": "^2.1.0"
            }
        },
        "prettier": {
            "version": "2.3.2",
            "resolved": "https://registry.npmjs.org/prettier/-/prettier-2.3.2.tgz",
            "integrity": "sha512-lnJzDfJ66zkMy58OL5/NY5zp70S7Nz6KqcKkXYzn2tMVrNxvbqaBpg7H3qHaLxCJ5lNMsGuM8+ohS7cZrthdLQ==",
            "dev": true
        },
        "tslib": {
            "version": "2.3.1",
            "resolved": "https://registry.npmjs.org/tslib/-/tslib-2.3.1.tgz",
            "integrity": "sha512-77EbyPPpMz+FRFRuAFlWMtmgUWGe9UOG2Z25NqCwiIjRhOf5iKGuzSe5P2w1laq+FkRy4p+PCuVkJSGkzTEKVw=="
        }
    }
}
